
Microsoft Visual Studio Solution File, Format Version 12.00
# Visual Studio Version 17
VisualStudioVersion = 17.5.33424.131
MinimumVisualStudioVersion = 10.0.40219.1
Project("{FAE04EC0-301F-11D3-BF4B-00C04F79EFBC}") = "12.04.2023", "12.04.2023\12.04.2023.csproj", "{85713B5F-40B6-44E7-8B1A-40D596E16CF8}"
EndProject
Global
	GlobalSection(SolutionConfigurationPlatforms) = preSolution
		Debug|Any CPU = Debug|Any CPU
		Release|Any CPU = Release|Any CPU
	EndGlobalSection
	GlobalSection(ProjectConfigurationPlatforms) = postSolution
		{85713B5F-40B6-44E7-8B1A-40D596E16CF8}.Debug|Any CPU.ActiveCfg = Debug|Any CPU
		{85713B5F-40B6-44E7-8B1A-40D596E16CF8}.Debug|Any CPU.Build.0 = Debug|Any CPU
		{85713B5F-40B6-44E7-8B1A-40D596E16CF8}.Release|Any CPU.ActiveCfg = Release|Any CPU
		{85713B5F-40B6-44E7-8B1A-40D596E16CF8}.Release|Any CPU.Build.0 = Release|Any CPU
	EndGlobalSection
	GlobalSection(SolutionProperties) = preSolution
		HideSolutionNode = FALSE
	EndGlobalSection
	GlobalSection(ExtensibilityGlobals) = postSolution
		SolutionGuid = {C8E6D5A3-A429-4380-9230-9C4CC05DF35A}
	EndGlobalSection
EndGlobal
