
Microsoft Visual Studio Solution File, Format Version 12.00
# Visual Studio Version 17
VisualStudioVersion = 17.5.33424.131
MinimumVisualStudioVersion = 10.0.40219.1
Project("{FAE04EC0-301F-11D3-BF4B-00C04F79EFBC}") = "DialogSetup", "DialogSetup\DialogSetup.csproj", "{232C34FF-13E7-4E11-8084-CBA9EF2D6DAE}"
EndProject
Global
	GlobalSection(SolutionConfigurationPlatforms) = preSolution
		Debug|Any CPU = Debug|Any CPU
		Release|Any CPU = Release|Any CPU
	EndGlobalSection
	GlobalSection(ProjectConfigurationPlatforms) = postSolution
		{232C34FF-13E7-4E11-8084-CBA9EF2D6DAE}.Debug|Any CPU.ActiveCfg = Debug|Any CPU
		{232C34FF-13E7-4E11-8084-CBA9EF2D6DAE}.Debug|Any CPU.Build.0 = Debug|Any CPU
		{232C34FF-13E7-4E11-8084-CBA9EF2D6DAE}.Release|Any CPU.ActiveCfg = Release|Any CPU
		{232C34FF-13E7-4E11-8084-CBA9EF2D6DAE}.Release|Any CPU.Build.0 = Release|Any CPU
	EndGlobalSection
	GlobalSection(SolutionProperties) = preSolution
		HideSolutionNode = FALSE
	EndGlobalSection
	GlobalSection(ExtensibilityGlobals) = postSolution
		SolutionGuid = {62759A70-8F4F-4BD9-99F3-A9E66475AD30}
	EndGlobalSection
EndGlobal
